
Microsoft Visual Studio Solution File, Format Version 12.00
# Visual Studio 15
VisualStudioVersion = 15.0.27004.2005
MinimumVisualStudioVersion = 10.0.40219.1
Project("{2150E333-8FDC-42A3-9474-1A3956D46DE8}") = ".paket", ".paket", "{E28646D7-C2B2-4D93-9B6B-1930965289E9}"
	ProjectSection(SolutionItems) = preProject
		paket.dependencies = paket.dependencies
	EndProjectSection
EndProject
Project("{FAE04EC0-301F-11D3-BF4B-00C04F79EFBC}") = "TRouteBuilder", "TRouteBuilder\TRouteBuilder.csproj", "{26F4C9D9-1AD9-4809-98F7-D37008E2F59D}"
EndProject
Project("{FAE04EC0-301F-11D3-BF4B-00C04F79EFBC}") = "TRouteBuilder.Tests", "TRouteBuilder.Tests\TRouteBuilder.Tests.csproj", "{B534318D-A997-47FA-9320-68E75DFEF7DD}"
EndProject
Global
	GlobalSection(SolutionConfigurationPlatforms) = preSolution
		Debug|Any CPU = Debug|Any CPU
		Release|Any CPU = Release|Any CPU
	EndGlobalSection
	GlobalSection(ProjectConfigurationPlatforms) = postSolution
		{26F4C9D9-1AD9-4809-98F7-D37008E2F59D}.Debug|Any CPU.ActiveCfg = Debug|Any CPU
		{26F4C9D9-1AD9-4809-98F7-D37008E2F59D}.Debug|Any CPU.Build.0 = Debug|Any CPU
		{26F4C9D9-1AD9-4809-98F7-D37008E2F59D}.Release|Any CPU.ActiveCfg = Release|Any CPU
		{26F4C9D9-1AD9-4809-98F7-D37008E2F59D}.Release|Any CPU.Build.0 = Release|Any CPU
		{B534318D-A997-47FA-9320-68E75DFEF7DD}.Debug|Any CPU.ActiveCfg = Debug|Any CPU
		{B534318D-A997-47FA-9320-68E75DFEF7DD}.Debug|Any CPU.Build.0 = Debug|Any CPU
		{B534318D-A997-47FA-9320-68E75DFEF7DD}.Release|Any CPU.ActiveCfg = Release|Any CPU
		{B534318D-A997-47FA-9320-68E75DFEF7DD}.Release|Any CPU.Build.0 = Release|Any CPU
	EndGlobalSection
	GlobalSection(SolutionProperties) = preSolution
		HideSolutionNode = FALSE
	EndGlobalSection
	GlobalSection(ExtensibilityGlobals) = postSolution
		SolutionGuid = {12BF9287-6658-4DF8-A795-ABB1622E40C7}
	EndGlobalSection
EndGlobal
